// !$*UTF8*$!
{
	archiveVersion = 1;
	classes = {
	};
	objectVersion = 46;
	objects = {

/* Begin PBXBuildFile section */
		C2B454921A09E5D900E31570 /* AppDelegate.swift in Sources */ = {isa = PBXBuildFile; fileRef = C2B454911A09E5D900E31570 /* AppDelegate.swift */; };
		C2B454941A09E5D900E31570 /* Images.xcassets in Resources */ = {isa = PBXBuildFile; fileRef = C2B454931A09E5D900E31570 /* Images.xcassets */; };
		C2B454971A09E5D900E31570 /* MainMenu.xib in Resources */ = {isa = PBXBuildFile; fileRef = C2B454951A09E5D900E31570 /* MainMenu.xib */; };
		C2B454A31A09E5D900E31570 /* FontInspectorTests.swift in Sources */ = {isa = PBXBuildFile; fileRef = C2B454A21A09E5D900E31570 /* FontInspectorTests.swift */; };
/* End PBXBuildFile section */

/* Begin PBXContainerItemProxy section */
		C2B4549D1A09E5D900E31570 /* PBXContainerItemProxy */ = {
			isa = PBXContainerItemProxy;
			containerPortal = C2B454841A09E5D900E31570 /* Project object */;
			proxyType = 1;
			remoteGlobalIDString = C2B4548B1A09E5D900E31570;
			remoteInfo = FontInspector;
		};
/* End PBXContainerItemProxy section */

/* Begin PBXFileReference section */
		C2B4548C1A09E5D900E31570 /* FontInspector.app */ = {isa = PBXFileReference; explicitFileType = wrapper.application; includeInIndex = 0; path = FontInspector.app; sourceTree = BUILT_PRODUCTS_DIR; };
		C2B454901A09E5D900E31570 /* Info.plist */ = {isa = PBXFileReference; lastKnownFileType = text.plist.xml; path = Info.plist; sourceTree = "<group>"; };
		C2B454911A09E5D900E31570 /* AppDelegate.swift */ = {isa = PBXFileReference; lastKnownFileType = sourcecode.swift; path = AppDelegate.swift; sourceTree = "<group>"; };
		C2B454931A09E5D900E31570 /* Images.xcassets */ = {isa = PBXFileReference; lastKnownFileType = folder.assetcatalog; path = Images.xcassets; sourceTree = "<group>"; };
		C2B454961A09E5D900E31570 /* Base */ = {isa = PBXFileReference; lastKnownFileType = file.xib; name = Base; path = Base.lproj/MainMenu.xib; sourceTree = "<group>"; };
		C2B4549C1A09E5D900E31570 /* FontInspectorTests.xctest */ = {isa = PBXFileReference; explicitFileType = wrapper.cfbundle; includeInIndex = 0; path = FontInspectorTests.xctest; sourceTree = BUILT_PRODUCTS_DIR; };
		C2B454A11A09E5D900E31570 /* Info.plist */ = {isa = PBXFileReference; lastKnownFileType = text.plist.xml; path = Info.plist; sourceTree = "<group>"; };
		C2B454A21A09E5D900E31570 /* FontInspectorTests.swift */ = {isa = PBXFileReference; lastKnownFileType = sourcecode.swift; path = FontInspectorTests.swift; sourceTree = "<group>"; };
/* End PBXFileReference section */

/* Begin PBXFrameworksBuildPhase section */
		C2B454891A09E5D900E31570 /* Frameworks */ = {
			isa = PBXFrameworksBuildPhase;
			buildActionMask = 2147483647;
			files = (
			);
			runOnlyForDeploymentPostprocessing = 0;
		};
		C2B454991A09E5D900E31570 /* Frameworks */ = {
			isa = PBXFrameworksBuildPhase;
			buildActionMask = 2147483647;
			files = (
			);
			runOnlyForDeploymentPostprocessing = 0;
		};
/* End PBXFrameworksBuildPhase section */

/* Begin PBXGroup section */
		C2B454831A09E5D900E31570 = {
			isa = PBXGroup;
			children = (
				C2B4548E1A09E5D900E31570 /* FontInspector */,
				C2B4549F1A09E5D900E31570 /* FontInspectorTests */,
				C2B4548D1A09E5D900E31570 /* Products */,
			);
			sourceTree = "<group>";
		};
		C2B4548D1A09E5D900E31570 /* Products */ = {
			isa = PBXGroup;
			children = (
				C2B4548C1A09E5D900E31570 /* FontInspector.app */,
				C2B4549C1A09E5D900E31570 /* FontInspectorTests.xctest */,
			);
			name = Products;
			sourceTree = "<group>";
		};
		C2B4548E1A09E5D900E31570 /* FontInspector */ = {
			isa = PBXGroup;
			children = (
				C2B454911A09E5D900E31570 /* AppDelegate.swift */,
				C2B454931A09E5D900E31570 /* Images.xcassets */,
				C2B454951A09E5D900E31570 /* MainMenu.xib */,
				C2B4548F1A09E5D900E31570 /* Supporting Files */,
			);
			path = FontInspector;
			sourceTree = "<group>";
		};
		C2B4548F1A09E5D900E31570 /* Supporting Files */ = {
			isa = PBXGroup;
			children = (
				C2B454901A09E5D900E31570 /* Info.plist */,
			);
			name = "Supporting Files";
			sourceTree = "<group>";
		};
		C2B4549F1A09E5D900E31570 /* FontInspectorTests */ = {
			isa = PBXGroup;
			children = (
				C2B454A21A09E5D900E31570 /* FontInspectorTests.swift */,
				C2B454A01A09E5D900E31570 /* Supporting Files */,
			);
			path = FontInspectorTests;
			sourceTree = "<group>";
		};
		C2B454A01A09E5D900E31570 /* Supporting Files */ = {
			isa = PBXGroup;
			children = (
				C2B454A11A09E5D900E31570 /* Info.plist */,
			);
			name = "Supporting Files";
			sourceTree = "<group>";
		};
/* End PBXGroup section */

/* Begin PBXNativeTarget section */
		C2B4548B1A09E5D900E31570 /* FontInspector */ = {
			isa = PBXNativeTarget;
			buildConfigurationList = C2B454A61A09E5D900E31570 /* Build configuration list for PBXNativeTarget "FontInspector" */;
			buildPhases = (
				C2B454881A09E5D900E31570 /* Sources */,
				C2B454891A09E5D900E31570 /* Frameworks */,
				C2B4548A1A09E5D900E31570 /* Resources */,
			);
			buildRules = (
			);
			dependencies = (
			);
			name = FontInspector;
			productName = FontInspector;
			productReference = C2B4548C1A09E5D900E31570 /* FontInspector.app */;
			productType = "com.apple.product-type.application";
		};
		C2B4549B1A09E5D900E31570 /* FontInspectorTests */ = {
			isa = PBXNativeTarget;
			buildConfigurationList = C2B454A91A09E5D900E31570 /* Build configuration list for PBXNativeTarget "FontInspectorTests" */;
			buildPhases = (
				C2B454981A09E5D900E31570 /* Sources */,
				C2B454991A09E5D900E31570 /* Frameworks */,
				C2B4549A1A09E5D900E31570 /* Resources */,
			);
			buildRules = (
			);
			dependencies = (
				C2B4549E1A09E5D900E31570 /* PBXTargetDependency */,
			);
			name = FontInspectorTests;
			productName = FontInspectorTests;
			productReference = C2B4549C1A09E5D900E31570 /* FontInspectorTests.xctest */;
			productType = "com.apple.product-type.bundle.unit-test";
		};
/* End PBXNativeTarget section */

/* Begin PBXProject section */
		C2B454841A09E5D900E31570 /* Project object */ = {
			isa = PBXProject;
			attributes = {
				LastUpgradeCheck = 0610;
				ORGANIZATIONNAME = Litherum;
				TargetAttributes = {
					C2B4548B1A09E5D900E31570 = {
						CreatedOnToolsVersion = 6.1;
					};
					C2B4549B1A09E5D900E31570 = {
						CreatedOnToolsVersion = 6.1;
						TestTargetID = C2B4548B1A09E5D900E31570;
					};
				};
			};
			buildConfigurationList = C2B454871A09E5D900E31570 /* Build configuration list for PBXProject "FontInspector" */;
			compatibilityVersion = "Xcode 3.2";
			developmentRegion = English;
			hasScannedForEncodings = 0;
			knownRegions = (
				en,
				Base,
			);
			mainGroup = C2B454831A09E5D900E31570;
			productRefGroup = C2B4548D1A09E5D900E31570 /* Products */;
			projectDirPath = "";
			projectRoot = "";
			targets = (
				C2B4548B1A09E5D900E31570 /* FontInspector */,
				C2B4549B1A09E5D900E31570 /* FontInspectorTests */,
			);
		};
/* End PBXProject section */

/* Begin PBXResourcesBuildPhase section */
		C2B4548A1A09E5D900E31570 /* Resources */ = {
			isa = PBXResourcesBuildPhase;
			buildActionMask = 2147483647;
			files = (
				C2B454941A09E5D900E31570 /* Images.xcassets in Resources */,
				C2B454971A09E5D900E31570 /* MainMenu.xib in Resources */,
			);
			runOnlyForDeploymentPostprocessing = 0;
		};
		C2B4549A1A09E5D900E31570 /* Resources */ = {
			isa = PBXResourcesBuildPhase;
			buildActionMask = 2147483647;
			files = (
			);
			runOnlyForDeploymentPostprocessing = 0;
		};
/* End PBXResourcesBuildPhase section */

/* Begin PBXSourcesBuildPhase section */
		C2B454881A09E5D900E31570 /* Sources */ = {
			isa = PBXSourcesBuildPhase;
			buildActionMask = 2147483647;
			files = (
				C2B454921A09E5D900E31570 /* AppDelegate.swift in Sources */,
			);
			runOnlyForDeploymentPostprocessing = 0;
		};
		C2B454981A09E5D900E31570 /* Sources */ = {
			isa = PBXSourcesBuildPhase;
			buildActionMask = 2147483647;
			files = (
				C2B454A31A09E5D900E31570 /* FontInspectorTests.swift in Sources */,
			);
			runOnlyForDeploymentPostprocessing = 0;
		};
/* End PBXSourcesBuildPhase section */

/* Begin PBXTargetDependency section */
		C2B4549E1A09E5D900E31570 /* PBXTargetDependency */ = {
			isa = PBXTargetDependency;
			target = C2B4548B1A09E5D900E31570 /* FontInspector */;
			targetProxy = C2B4549D1A09E5D900E31570 /* PBXContainerItemProxy */;
		};
/* End PBXTargetDependency section */

/* Begin PBXVariantGroup section */
		C2B454951A09E5D900E31570 /* MainMenu.xib */ = {
			isa = PBXVariantGroup;
			children = (
				C2B454961A09E5D900E31570 /* Base */,
			);
			name = MainMenu.xib;
			sourceTree = "<group>";
		};
/* End PBXVariantGroup section */

/* Begin XCBuildConfiguration section */
		C2B454A41A09E5D900E31570 /* Debug */ = {
			isa = XCBuildConfiguration;
			buildSettings = {
				ALWAYS_SEARCH_USER_PATHS = NO;
				CLANG_CXX_LANGUAGE_STANDARD = "gnu++0x";
				CLANG_CXX_LIBRARY = "libc++";
				CLANG_ENABLE_MODULES = YES;
				CLANG_ENABLE_OBJC_ARC = YES;
				CLANG_WARN_BOOL_CONVERSION = YES;
				CLANG_WARN_CONSTANT_CONVERSION = YES;
				CLANG_WARN_DIRECT_OBJC_ISA_USAGE = YES_ERROR;
				CLANG_WARN_EMPTY_BODY = YES;
				CLANG_WARN_ENUM_CONVERSION = YES;
				CLANG_WARN_INT_CONVERSION = YES;
				CLANG_WARN_OBJC_ROOT_CLASS = YES_ERROR;
				CLANG_WARN_UNREACHABLE_CODE = YES;
				CLANG_WARN__DUPLICATE_METHOD_MATCH = YES;
				CODE_SIGN_IDENTITY = "-";
				COPY_PHASE_STRIP = NO;
				ENABLE_STRICT_OBJC_MSGSEND = YES;
				GCC_C_LANGUAGE_STANDARD = gnu99;
				GCC_DYNAMIC_NO_PIC = NO;
				GCC_OPTIMIZATION_LEVEL = 0;
				GCC_PREPROCESSOR_DEFINITIONS = (
					"DEBUG=1",
					"$(inherited)",
				);
				GCC_SYMBOLS_PRIVATE_EXTERN = NO;
				GCC_WARN_64_TO_32_BIT_CONVERSION = YES;
				GCC_WARN_ABOUT_RETURN_TYPE = YES_ERROR;
				GCC_WARN_UNDECLARED_SELECTOR = YES;
				GCC_WARN_UNINITIALIZED_AUTOS = YES_AGGRESSIVE;
				GCC_WARN_UNUSED_FUNCTION = YES;
				GCC_WARN_UNUSED_VARIABLE = YES;
				MACOSX_DEPLOYMENT_TARGET = 10.10;
				MTL_ENABLE_DEBUG_INFO = YES;
				ONLY_ACTIVE_ARCH = YES;
				SDKROOT = macosx;
				SWIFT_OPTIMIZATION_LEVEL = "-Onone";
			};
			name = Debug;
		};
		C2B454A51A09E5D900E31570 /* Release */ = {
			isa = XCBuildConfiguration;
			buildSettings = {
				ALWAYS_SEARCH_USER_PATHS = NO;
				CLANG_CXX_LANGUAGE_STANDARD = "gnu++0x";
				CLANG_CXX_LIBRARY = "libc++";
				CLANG_ENABLE_MODULES = YES;
				CLANG_ENABLE_OBJC_ARC = YES;
				CLANG_WARN_BOOL_CONVERSION = YES;
				CLANG_WARN_CONSTANT_CONVERSION = YES;
				CLANG_WARN_DIRECT_OBJC_ISA_USAGE = YES_ERROR;
				CLANG_WARN_EMPTY_BODY = YES;
				CLANG_WARN_ENUM_CONVERSION = YES;
				CLANG_WARN_INT_CONVERSION = YES;
				CLANG_WARN_OBJC_ROOT_CLASS = YES_ERROR;
				CLANG_WARN_UNREACHABLE_CODE = YES;
				CLANG_WARN__DUPLICATE_METHOD_MATCH = YES;
				CODE_SIGN_IDENTITY = "-";
				COPY_PHASE_STRIP = YES;
				DEBUG_INFORMATION_FORMAT = "dwarf-with-dsym";
				ENABLE_NS_ASSERTIONS = NO;
				ENABLE_STRICT_OBJC_MSGSEND = YES;
				GCC_C_LANGUAGE_STANDARD = gnu99;
				GCC_WARN_64_TO_32_BIT_CONVERSION = YES;
				GCC_WARN_ABOUT_RETURN_TYPE = YES_ERROR;
				GCC_WARN_UNDECLARED_SELECTOR = YES;
				GCC_WARN_UNINITIALIZED_AUTOS = YES_AGGRESSIVE;
				GCC_WARN_UNUSED_FUNCTION = YES;
				GCC_WARN_UNUSED_VARIABLE = YES;
				MACOSX_DEPLOYMENT_TARGET = 10.10;
				MTL_ENABLE_DEBUG_INFO = NO;
				SDKROOT = macosx;
			};
			name = Release;
		};
		C2B454A71A09E5D900E31570 /* Debug */ = {
			isa = XCBuildConfiguration;
			buildSettings = {
				ASSETCATALOG_COMPILER_APPICON_NAME = AppIcon;
				COMBINE_HIDPI_IMAGES = YES;
				INFOPLIST_FILE = FontInspector/Info.plist;
				LD_RUNPATH_SEARCH_PATHS = "$(inherited) @executable_path/../Frameworks";
				PRODUCT_NAME = "$(TARGET_NAME)";
			};
			name = Debug;
		};
		C2B454A81A09E5D900E31570 /* Release */ = {
			isa = XCBuildConfiguration;
			buildSettings = {
				ASSETCATALOG_COMPILER_APPICON_NAME = AppIcon;
				COMBINE_HIDPI_IMAGES = YES;
				INFOPLIST_FILE = FontInspector/Info.plist;
				LD_RUNPATH_SEARCH_PATHS = "$(inherited) @executable_path/../Frameworks";
				PRODUCT_NAME = "$(TARGET_NAME)";
			};
			name = Release;
		};
		C2B454AA1A09E5D900E31570 /* Debug */ = {
			isa = XCBuildConfiguration;
			buildSettings = {
				BUNDLE_LOADER = "$(TEST_HOST)";
				COMBINE_HIDPI_IMAGES = YES;
				FRAMEWORK_SEARCH_PATHS = (
					"$(DEVELOPER_FRAMEWORKS_DIR)",
					"$(inherited)",
				);
				GCC_PREPROCESSOR_DEFINITIONS = (
					"DEBUG=1",
					"$(inherited)",
				);
				INFOPLIST_FILE = FontInspectorTests/Info.plist;
				LD_RUNPATH_SEARCH_PATHS = "$(inherited) @executable_path/../Frameworks @loader_path/../Frameworks";
				PRODUCT_NAME = "$(TARGET_NAME)";
				TEST_HOST = "$(BUILT_PRODUCTS_DIR)/FontInspector.app/Contents/MacOS/FontInspector";
			};
			name = Debug;
		};
		C2B454AB1A09E5D900E31570 /* Release */ = {
			isa = XCBuildConfiguration;
			buildSettings = {
				BUNDLE_LOADER = "$(TEST_HOST)";
				COMBINE_HIDPI_IMAGES = YES;
				FRAMEWORK_SEARCH_PATHS = (
					"$(DEVELOPER_FRAMEWORKS_DIR)",
					"$(inherited)",
				);
				INFOPLIST_FILE = FontInspectorTests/Info.plist;
				LD_RUNPATH_SEARCH_PATHS = "$(inherited) @executable_path/../Frameworks @loader_path/../Frameworks";
				PRODUCT_NAME = "$(TARGET_NAME)";
				TEST_HOST = "$(BUILT_PRODUCTS_DIR)/FontInspector.app/Contents/MacOS/FontInspector";
			};
			name = Release;
		};
/* End XCBuildConfiguration section */

/* Begin XCConfigurationList section */
		C2B454871A09E5D900E31570 /* Build configuration list for PBXProject "FontInspector" */ = {
			isa = XCConfigurationList;
			buildConfigurations = (
				C2B454A41A09E5D900E31570 /* Debug */,
				C2B454A51A09E5D900E31570 /* Release */,
			);
			defaultConfigurationIsVisible = 0;
			defaultConfigurationName = Release;
		};
		C2B454A61A09E5D900E31570 /* Build configuration list for PBXNativeTarget "FontInspector" */ = {
			isa = XCConfigurationList;
			buildConfigurations = (
				C2B454A71A09E5D900E31570 /* Debug */,
				C2B454A81A09E5D900E31570 /* Release */,
			);
			defaultConfigurationIsVisible = 0;
		};
		C2B454A91A09E5D900E31570 /* Build configuration list for PBXNativeTarget "FontInspectorTests" */ = {
			isa = XCConfigurationList;
			buildConfigurations = (
				C2B454AA1A09E5D900E31570 /* Debug */,
				C2B454AB1A09E5D900E31570 /* Release */,
			);
			defaultConfigurationIsVisible = 0;
		};
/* End XCConfigurationList section */
	};
	rootObject = C2B454841A09E5D900E31570 /* Project object */;
}
